# This file is autogenerated, do not edit; changes may be undone by the next 'dep ensure'.


[[projects]]
  digest = "1:2a0a7739a4f7c98710ef5bcfde1106b93bf46d1084e88faa41eb52e00c5fb6f0"
  name = "github.com/docker/go-units"
  packages = ["."]
  pruneopts = "N"
  revision = "47565b4f722fb6ceae66b95f853feed578a4a51c"
  version = "v0.3.3"

[[projects]]
  branch = "add-sock-ops-support"
  digest = "1:e290cff8582e2ee61816b313fd4d9f1b05a9c3cd32dd14b968a4990bfe0e0c50"
  name = "github.com/iovisor/gobpf"
  packages = [
    "elf",
    "pkg/bpffs",
    "pkg/cpuonline",
  ]
  pruneopts = "N"
  revision = "43012e383c0dd8ffc85e63d142ec44e8f07a2d99"
  source = "github.com/dippynark/gobpf"

[[projects]]
  digest = "1:f0a7a241b674215e794dda4f36ca4fe84bc6be6ef485992447c7cf6162320ad5"
  name = "github.com/konsorten/go-windows-terminal-sequences"
  packages = ["."]
  pruneopts = "N"
  revision = "f55edac94c9bbba5d6182a4be46d86a2c9b5b50e"
  version = "v1.0.2"

[[projects]]
  branch = "master"
  digest = "1:854d734764fac69d02f09858570ec4f1bf67c339c9fdac360f6ad5b452a66402"
  name = "github.com/opencontainers/runc"
  packages = [
    "libcontainer/cgroups",
    "libcontainer/configs",
  ]
  pruneopts = "N"
  revision = "029124da7af7360afa781a0234d1b083550f797c"

[[projects]]
  digest = "1:f1772d02f024a1805b3660d54f3a2bc1ff1badbbefcb9a3808ebe3a168aa12e1"
  name = "github.com/opencontainers/runtime-spec"
  packages = ["specs-go"]
  pruneopts = "N"
  revision = "4e3b9264a330d094b0386c3703c5f379119711e8"
  version = "v1.0.1"

[[projects]]
  digest = "1:c6e67879f3aa938878c59c97fda1e99d8eb52e2ac0063c41f30e32f8d65c07c0"
  name = "github.com/sirupsen/logrus"
  packages = ["."]
  pruneopts = "N"
  revision = "8bdbc7bcc01dcbb8ec23dc8a28e332258d25251f"
  version = "v1.4.1"

[[projects]]
  branch = "master"
  digest = "1:e0608cd0b902374cdb0f16e5621e8309dfad3800a4f80b265fd1082bb9e07470"
  name = "github.com/sparrc/go-ping"
  packages = ["."]
  pruneopts = "N"
  revision = "ef3ab45e41b017889941ea5bb796dd502d2b5a1b"

[[projects]]
  branch = "master"
  digest = "1:3a38255f829e03d06e35b36e547f1e9bfcd635b25e2855ff39ca650e71e6db4c"
  name = "golang.org/x/net"
  packages = [
    "bpf",
    "icmp",
    "internal/iana",
    "internal/socket",
    "ipv4",
    "ipv6",
  ]
  pruneopts = "N"
  revision = "eb5bcb51f2a31c7d5141d810b70815c05d9c9146"

[[projects]]
  branch = "master"
  digest = "1:04b627ba4cc9e9cd5757414e8c9cdb26fcd19018ca47e7bd1e901abc955ae182"
  name = "golang.org/x/sys"
  packages = ["unix"]
  pruneopts = "N"
  revision = "97732733099d6a942a73b889770774366de963ed"

[solve-meta]
  analyzer-name = "dep"
  analyzer-version = 1
  input-imports = [
    "github.com/iovisor/gobpf/elf",
    "github.com/opencontainers/runc/libcontainer/cgroups",
    "github.com/sparrc/go-ping",
  ]
  solver-name = "gps-cdcl"
  solver-version = 1
